
Microsoft Visual Studio Solution File, Format Version 12.00
# Visual Studio 14
VisualStudioVersion = 14.0.23107.0
MinimumVisualStudioVersion = 10.0.40219.1
Project("{FAE04EC0-301F-11D3-BF4B-00C04F79EFBC}") = "gMobiLab", "Sensors\gMobiLab\gMobiLab.csproj", "{BE27C586-513D-4447-B8C0-1FCA270791DB}"
EndProject
Project("{8BC9CEB8-8B4A-11D0-8D11-00A0C91BC942}") = "gMobiLabXferHelpers", "Sensors\gMobiLabXferHelpers\gMobiLabXferHelpers.vcxproj", "{A82F3186-47D2-4D69-8614-6D1313E66E77}"
EndProject
Project("{FAE04EC0-301F-11D3-BF4B-00C04F79EFBC}") = "SensorPlots", "Sensors\SensorPlots\SensorPlots.csproj", "{D7C4659D-4D23-4295-A35D-797355E8B79B}"
EndProject
Project("{2150E333-8FDC-42A3-9474-1A3956D46DE8}") = "Sensors", "Sensors", "{12021CAC-FF1E-4B69-BBA5-F60DC3DD762A}"
EndProject
Project("{FAE04EC0-301F-11D3-BF4B-00C04F79EFBC}") = "SensorDeviceTest", "Sensors\SensorDeviceTest\SensorDeviceTest.csproj", "{F0CC68E7-C665-4D9F-A8BF-A6F29526307D}"
EndProject
Project("{FAE04EC0-301F-11D3-BF4B-00C04F79EFBC}") = "Sensors", "Sensors\Sensors\Sensors.csproj", "{90AEC3EC-C0CD-43D5-8CB0-F87243890511}"
EndProject
Project("{2150E333-8FDC-42A3-9474-1A3956D46DE8}") = "GroundControl", "GroundControl", "{857BA303-024D-4124-8165-27528FE87CFF}"
EndProject
Project("{FAE04EC0-301F-11D3-BF4B-00C04F79EFBC}") = "GroundControl", "GroundControl\GroundControl.csproj", "{FEB6A66C-F665-46E0-AFEE-6B06FEF61274}"
EndProject
Project("{2150E333-8FDC-42A3-9474-1A3956D46DE8}") = ".nuget", ".nuget", "{B65DEE55-F6F2-4905-B4D4-2E27FC19D51C}"
	ProjectSection(SolutionItems) = preProject
		.nuget\NuGet.Config = .nuget\NuGet.Config
		.nuget\NuGet.exe = .nuget\NuGet.exe
		.nuget\NuGet.targets = .nuget\NuGet.targets
	EndProjectSection
EndProject
Project("{FAE04EC0-301F-11D3-BF4B-00C04F79EFBC}") = "PhrikeSocket", "PhrikeSocket\PhrikeSocket.csproj", "{68452B15-7D84-491E-9047-E5EB0C58A621}"
EndProject
Project("{2150E333-8FDC-42A3-9474-1A3956D46DE8}") = "Socket", "Socket", "{66FB5604-9C1E-4F68-971E-72774568301C}"
EndProject
Project("{2150E333-8FDC-42A3-9474-1A3956D46DE8}") = "DataModel", "DataModel", "{736DDF6C-2387-4841-B4B6-AAA47FFD7148}"
EndProject
Project("{FAE04EC0-301F-11D3-BF4B-00C04F79EFBC}") = "DataModel", "DataModel\DataModel.csproj", "{7F824751-866D-4D91-8038-81B8BC4F1EF1}"
EndProject
Project("{FAE04EC0-301F-11D3-BF4B-00C04F79EFBC}") = "DataAccess", "DataAccess\DataAccess.csproj", "{507E2605-0BD0-4A99-A733-0910C5098A2F}"
EndProject
Project("{FAE04EC0-301F-11D3-BF4B-00C04F79EFBC}") = "DataAccessTest", "DataAccessTest\DataAccessTest.csproj", "{7128CE33-E398-461B-8910-604625872F4E}"
EndProject
Project("{FAE04EC0-301F-11D3-BF4B-00C04F79EFBC}") = "MinimapTest", "MinimapTest\MinimapTest.csproj", "{8508945A-7AB5-4054-A254-BB5FC1B7E82E}"
EndProject
Global
	GlobalSection(SolutionConfigurationPlatforms) = preSolution
		Debug|Any CPU = Debug|Any CPU
		Debug|ARM = Debug|ARM
		Debug|Mixed Platforms = Debug|Mixed Platforms
		Debug|Win32 = Debug|Win32
		Debug|x64 = Debug|x64
		Debug|x86 = Debug|x86
		Release|Any CPU = Release|Any CPU
		Release|ARM = Release|ARM
		Release|Mixed Platforms = Release|Mixed Platforms
		Release|Win32 = Release|Win32
		Release|x64 = Release|x64
		Release|x86 = Release|x86
	EndGlobalSection
	GlobalSection(ProjectConfigurationPlatforms) = postSolution
		{BE27C586-513D-4447-B8C0-1FCA270791DB}.Debug|Any CPU.ActiveCfg = Debug|Any CPU
		{BE27C586-513D-4447-B8C0-1FCA270791DB}.Debug|Any CPU.Build.0 = Debug|Any CPU
		{BE27C586-513D-4447-B8C0-1FCA270791DB}.Debug|ARM.ActiveCfg = Debug|Any CPU
		{BE27C586-513D-4447-B8C0-1FCA270791DB}.Debug|Mixed Platforms.ActiveCfg = Debug|Any CPU
		{BE27C586-513D-4447-B8C0-1FCA270791DB}.Debug|Mixed Platforms.Build.0 = Debug|Any CPU
		{BE27C586-513D-4447-B8C0-1FCA270791DB}.Debug|Win32.ActiveCfg = Debug|Any CPU
		{BE27C586-513D-4447-B8C0-1FCA270791DB}.Debug|x64.ActiveCfg = Debug|Any CPU
		{BE27C586-513D-4447-B8C0-1FCA270791DB}.Debug|x86.ActiveCfg = Debug|Any CPU
		{BE27C586-513D-4447-B8C0-1FCA270791DB}.Release|Any CPU.ActiveCfg = Release|Any CPU
		{BE27C586-513D-4447-B8C0-1FCA270791DB}.Release|Any CPU.Build.0 = Release|Any CPU
		{BE27C586-513D-4447-B8C0-1FCA270791DB}.Release|ARM.ActiveCfg = Release|Any CPU
		{BE27C586-513D-4447-B8C0-1FCA270791DB}.Release|Mixed Platforms.ActiveCfg = Release|Any CPU
		{BE27C586-513D-4447-B8C0-1FCA270791DB}.Release|Mixed Platforms.Build.0 = Release|Any CPU
		{BE27C586-513D-4447-B8C0-1FCA270791DB}.Release|Win32.ActiveCfg = Release|Any CPU
		{BE27C586-513D-4447-B8C0-1FCA270791DB}.Release|x64.ActiveCfg = Release|Any CPU
		{BE27C586-513D-4447-B8C0-1FCA270791DB}.Release|x86.ActiveCfg = Release|Any CPU
		{A82F3186-47D2-4D69-8614-6D1313E66E77}.Debug|Any CPU.ActiveCfg = Debug|Win32
		{A82F3186-47D2-4D69-8614-6D1313E66E77}.Debug|ARM.ActiveCfg = Debug|Win32
		{A82F3186-47D2-4D69-8614-6D1313E66E77}.Debug|Mixed Platforms.ActiveCfg = Debug|Win32
		{A82F3186-47D2-4D69-8614-6D1313E66E77}.Debug|Win32.ActiveCfg = Debug|Win32
		{A82F3186-47D2-4D69-8614-6D1313E66E77}.Debug|Win32.Build.0 = Debug|Win32
		{A82F3186-47D2-4D69-8614-6D1313E66E77}.Debug|x64.ActiveCfg = Debug|Win32
		{A82F3186-47D2-4D69-8614-6D1313E66E77}.Debug|x86.ActiveCfg = Debug|Win32
		{A82F3186-47D2-4D69-8614-6D1313E66E77}.Debug|x86.Build.0 = Debug|Win32
		{A82F3186-47D2-4D69-8614-6D1313E66E77}.Release|Any CPU.ActiveCfg = Release|Win32
		{A82F3186-47D2-4D69-8614-6D1313E66E77}.Release|ARM.ActiveCfg = Release|Win32
		{A82F3186-47D2-4D69-8614-6D1313E66E77}.Release|Mixed Platforms.ActiveCfg = Release|Win32
		{A82F3186-47D2-4D69-8614-6D1313E66E77}.Release|Mixed Platforms.Build.0 = Release|Win32
		{A82F3186-47D2-4D69-8614-6D1313E66E77}.Release|Win32.ActiveCfg = Release|Win32
		{A82F3186-47D2-4D69-8614-6D1313E66E77}.Release|Win32.Build.0 = Release|Win32
		{A82F3186-47D2-4D69-8614-6D1313E66E77}.Release|x64.ActiveCfg = Release|Win32
		{A82F3186-47D2-4D69-8614-6D1313E66E77}.Release|x86.ActiveCfg = Release|Win32
		{A82F3186-47D2-4D69-8614-6D1313E66E77}.Release|x86.Build.0 = Release|Win32
		{D7C4659D-4D23-4295-A35D-797355E8B79B}.Debug|Any CPU.ActiveCfg = Debug|Any CPU
		{D7C4659D-4D23-4295-A35D-797355E8B79B}.Debug|Any CPU.Build.0 = Debug|Any CPU
		{D7C4659D-4D23-4295-A35D-797355E8B79B}.Debug|ARM.ActiveCfg = Debug|Any CPU
		{D7C4659D-4D23-4295-A35D-797355E8B79B}.Debug|Mixed Platforms.ActiveCfg = Debug|Any CPU
		{D7C4659D-4D23-4295-A35D-797355E8B79B}.Debug|Mixed Platforms.Build.0 = Debug|Any CPU
		{D7C4659D-4D23-4295-A35D-797355E8B79B}.Debug|Win32.ActiveCfg = Debug|Any CPU
		{D7C4659D-4D23-4295-A35D-797355E8B79B}.Debug|x64.ActiveCfg = Debug|Any CPU
		{D7C4659D-4D23-4295-A35D-797355E8B79B}.Debug|x86.ActiveCfg = Debug|Any CPU
		{D7C4659D-4D23-4295-A35D-797355E8B79B}.Release|Any CPU.ActiveCfg = Release|Any CPU
		{D7C4659D-4D23-4295-A35D-797355E8B79B}.Release|Any CPU.Build.0 = Release|Any CPU
		{D7C4659D-4D23-4295-A35D-797355E8B79B}.Release|ARM.ActiveCfg = Release|Any CPU
		{D7C4659D-4D23-4295-A35D-797355E8B79B}.Release|Mixed Platforms.ActiveCfg = Release|Any CPU
		{D7C4659D-4D23-4295-A35D-797355E8B79B}.Release|Mixed Platforms.Build.0 = Release|Any CPU
		{D7C4659D-4D23-4295-A35D-797355E8B79B}.Release|Win32.ActiveCfg = Release|Any CPU
		{D7C4659D-4D23-4295-A35D-797355E8B79B}.Release|x64.ActiveCfg = Release|Any CPU
		{D7C4659D-4D23-4295-A35D-797355E8B79B}.Release|x86.ActiveCfg = Release|Any CPU
		{F0CC68E7-C665-4D9F-A8BF-A6F29526307D}.Debug|Any CPU.ActiveCfg = Debug|Any CPU
		{F0CC68E7-C665-4D9F-A8BF-A6F29526307D}.Debug|Any CPU.Build.0 = Debug|Any CPU
		{F0CC68E7-C665-4D9F-A8BF-A6F29526307D}.Debug|ARM.ActiveCfg = Debug|Any CPU
		{F0CC68E7-C665-4D9F-A8BF-A6F29526307D}.Debug|Mixed Platforms.ActiveCfg = Debug|Any CPU
		{F0CC68E7-C665-4D9F-A8BF-A6F29526307D}.Debug|Mixed Platforms.Build.0 = Debug|Any CPU
		{F0CC68E7-C665-4D9F-A8BF-A6F29526307D}.Debug|Win32.ActiveCfg = Debug|Any CPU
		{F0CC68E7-C665-4D9F-A8BF-A6F29526307D}.Debug|x64.ActiveCfg = Debug|Any CPU
		{F0CC68E7-C665-4D9F-A8BF-A6F29526307D}.Debug|x86.ActiveCfg = Debug|Any CPU
		{F0CC68E7-C665-4D9F-A8BF-A6F29526307D}.Release|Any CPU.ActiveCfg = Release|Any CPU
		{F0CC68E7-C665-4D9F-A8BF-A6F29526307D}.Release|Any CPU.Build.0 = Release|Any CPU
		{F0CC68E7-C665-4D9F-A8BF-A6F29526307D}.Release|ARM.ActiveCfg = Release|Any CPU
		{F0CC68E7-C665-4D9F-A8BF-A6F29526307D}.Release|Mixed Platforms.ActiveCfg = Release|Any CPU
		{F0CC68E7-C665-4D9F-A8BF-A6F29526307D}.Release|Mixed Platforms.Build.0 = Release|Any CPU
		{F0CC68E7-C665-4D9F-A8BF-A6F29526307D}.Release|Win32.ActiveCfg = Release|Any CPU
		{F0CC68E7-C665-4D9F-A8BF-A6F29526307D}.Release|x64.ActiveCfg = Release|Any CPU
		{F0CC68E7-C665-4D9F-A8BF-A6F29526307D}.Release|x86.ActiveCfg = Release|Any CPU
		{90AEC3EC-C0CD-43D5-8CB0-F87243890511}.Debug|Any CPU.ActiveCfg = Debug|Any CPU
		{90AEC3EC-C0CD-43D5-8CB0-F87243890511}.Debug|Any CPU.Build.0 = Debug|Any CPU
		{90AEC3EC-C0CD-43D5-8CB0-F87243890511}.Debug|ARM.ActiveCfg = Debug|Any CPU
		{90AEC3EC-C0CD-43D5-8CB0-F87243890511}.Debug|Mixed Platforms.ActiveCfg = Debug|Any CPU
		{90AEC3EC-C0CD-43D5-8CB0-F87243890511}.Debug|Mixed Platforms.Build.0 = Debug|Any CPU
		{90AEC3EC-C0CD-43D5-8CB0-F87243890511}.Debug|Win32.ActiveCfg = Debug|Any CPU
		{90AEC3EC-C0CD-43D5-8CB0-F87243890511}.Debug|x64.ActiveCfg = Debug|Any CPU
		{90AEC3EC-C0CD-43D5-8CB0-F87243890511}.Debug|x86.ActiveCfg = Debug|Any CPU
		{90AEC3EC-C0CD-43D5-8CB0-F87243890511}.Release|Any CPU.ActiveCfg = Release|Any CPU
		{90AEC3EC-C0CD-43D5-8CB0-F87243890511}.Release|Any CPU.Build.0 = Release|Any CPU
		{90AEC3EC-C0CD-43D5-8CB0-F87243890511}.Release|ARM.ActiveCfg = Release|Any CPU
		{90AEC3EC-C0CD-43D5-8CB0-F87243890511}.Release|Mixed Platforms.ActiveCfg = Release|Any CPU
		{90AEC3EC-C0CD-43D5-8CB0-F87243890511}.Release|Mixed Platforms.Build.0 = Release|Any CPU
		{90AEC3EC-C0CD-43D5-8CB0-F87243890511}.Release|Win32.ActiveCfg = Release|Any CPU
		{90AEC3EC-C0CD-43D5-8CB0-F87243890511}.Release|x64.ActiveCfg = Release|Any CPU
		{90AEC3EC-C0CD-43D5-8CB0-F87243890511}.Release|x86.ActiveCfg = Release|Any CPU
		{FEB6A66C-F665-46E0-AFEE-6B06FEF61274}.Debug|Any CPU.ActiveCfg = Debug|Any CPU
		{FEB6A66C-F665-46E0-AFEE-6B06FEF61274}.Debug|Any CPU.Build.0 = Debug|Any CPU
		{FEB6A66C-F665-46E0-AFEE-6B06FEF61274}.Debug|ARM.ActiveCfg = Debug|Any CPU
		{FEB6A66C-F665-46E0-AFEE-6B06FEF61274}.Debug|Mixed Platforms.ActiveCfg = Debug|Any CPU
		{FEB6A66C-F665-46E0-AFEE-6B06FEF61274}.Debug|Mixed Platforms.Build.0 = Debug|Any CPU
		{FEB6A66C-F665-46E0-AFEE-6B06FEF61274}.Debug|Win32.ActiveCfg = Debug|Any CPU
		{FEB6A66C-F665-46E0-AFEE-6B06FEF61274}.Debug|x64.ActiveCfg = Debug|Any CPU
		{FEB6A66C-F665-46E0-AFEE-6B06FEF61274}.Debug|x86.ActiveCfg = Debug|Any CPU
		{FEB6A66C-F665-46E0-AFEE-6B06FEF61274}.Release|Any CPU.ActiveCfg = Release|Any CPU
		{FEB6A66C-F665-46E0-AFEE-6B06FEF61274}.Release|Any CPU.Build.0 = Release|Any CPU
		{FEB6A66C-F665-46E0-AFEE-6B06FEF61274}.Release|ARM.ActiveCfg = Release|Any CPU
		{FEB6A66C-F665-46E0-AFEE-6B06FEF61274}.Release|Mixed Platforms.ActiveCfg = Release|Any CPU
		{FEB6A66C-F665-46E0-AFEE-6B06FEF61274}.Release|Mixed Platforms.Build.0 = Release|Any CPU
		{FEB6A66C-F665-46E0-AFEE-6B06FEF61274}.Release|Win32.ActiveCfg = Release|Any CPU
		{FEB6A66C-F665-46E0-AFEE-6B06FEF61274}.Release|x64.ActiveCfg = Release|Any CPU
		{FEB6A66C-F665-46E0-AFEE-6B06FEF61274}.Release|x86.ActiveCfg = Release|Any CPU
		{68452B15-7D84-491E-9047-E5EB0C58A621}.Debug|Any CPU.ActiveCfg = Debug|Any CPU
		{68452B15-7D84-491E-9047-E5EB0C58A621}.Debug|Any CPU.Build.0 = Debug|Any CPU
		{68452B15-7D84-491E-9047-E5EB0C58A621}.Debug|ARM.ActiveCfg = Debug|Any CPU
		{68452B15-7D84-491E-9047-E5EB0C58A621}.Debug|Mixed Platforms.ActiveCfg = Debug|Any CPU
		{68452B15-7D84-491E-9047-E5EB0C58A621}.Debug|Mixed Platforms.Build.0 = Debug|Any CPU
		{68452B15-7D84-491E-9047-E5EB0C58A621}.Debug|Win32.ActiveCfg = Debug|Any CPU
		{68452B15-7D84-491E-9047-E5EB0C58A621}.Debug|x64.ActiveCfg = Debug|Any CPU
		{68452B15-7D84-491E-9047-E5EB0C58A621}.Debug|x86.ActiveCfg = Debug|Any CPU
		{68452B15-7D84-491E-9047-E5EB0C58A621}.Release|Any CPU.ActiveCfg = Release|Any CPU
		{68452B15-7D84-491E-9047-E5EB0C58A621}.Release|Any CPU.Build.0 = Release|Any CPU
		{68452B15-7D84-491E-9047-E5EB0C58A621}.Release|ARM.ActiveCfg = Release|Any CPU
		{68452B15-7D84-491E-9047-E5EB0C58A621}.Release|Mixed Platforms.ActiveCfg = Release|Any CPU
		{68452B15-7D84-491E-9047-E5EB0C58A621}.Release|Mixed Platforms.Build.0 = Release|Any CPU
		{68452B15-7D84-491E-9047-E5EB0C58A621}.Release|Win32.ActiveCfg = Release|Any CPU
		{68452B15-7D84-491E-9047-E5EB0C58A621}.Release|x64.ActiveCfg = Release|Any CPU
		{68452B15-7D84-491E-9047-E5EB0C58A621}.Release|x86.ActiveCfg = Release|Any CPU
		{7F824751-866D-4D91-8038-81B8BC4F1EF1}.Debug|Any CPU.ActiveCfg = Debug|Any CPU
		{7F824751-866D-4D91-8038-81B8BC4F1EF1}.Debug|Any CPU.Build.0 = Debug|Any CPU
		{7F824751-866D-4D91-8038-81B8BC4F1EF1}.Debug|ARM.ActiveCfg = Debug|Any CPU
		{7F824751-866D-4D91-8038-81B8BC4F1EF1}.Debug|ARM.Build.0 = Debug|Any CPU
		{7F824751-866D-4D91-8038-81B8BC4F1EF1}.Debug|Mixed Platforms.ActiveCfg = Debug|Any CPU
		{7F824751-866D-4D91-8038-81B8BC4F1EF1}.Debug|Mixed Platforms.Build.0 = Debug|Any CPU
		{7F824751-866D-4D91-8038-81B8BC4F1EF1}.Debug|Win32.ActiveCfg = Debug|Any CPU
		{7F824751-866D-4D91-8038-81B8BC4F1EF1}.Debug|Win32.Build.0 = Debug|Any CPU
		{7F824751-866D-4D91-8038-81B8BC4F1EF1}.Debug|x64.ActiveCfg = Debug|Any CPU
		{7F824751-866D-4D91-8038-81B8BC4F1EF1}.Debug|x64.Build.0 = Debug|Any CPU
		{7F824751-866D-4D91-8038-81B8BC4F1EF1}.Debug|x86.ActiveCfg = Debug|Any CPU
		{7F824751-866D-4D91-8038-81B8BC4F1EF1}.Debug|x86.Build.0 = Debug|Any CPU
		{7F824751-866D-4D91-8038-81B8BC4F1EF1}.Release|Any CPU.ActiveCfg = Release|Any CPU
		{7F824751-866D-4D91-8038-81B8BC4F1EF1}.Release|Any CPU.Build.0 = Release|Any CPU
		{7F824751-866D-4D91-8038-81B8BC4F1EF1}.Release|ARM.ActiveCfg = Release|Any CPU
		{7F824751-866D-4D91-8038-81B8BC4F1EF1}.Release|ARM.Build.0 = Release|Any CPU
		{7F824751-866D-4D91-8038-81B8BC4F1EF1}.Release|Mixed Platforms.ActiveCfg = Release|Any CPU
		{7F824751-866D-4D91-8038-81B8BC4F1EF1}.Release|Mixed Platforms.Build.0 = Release|Any CPU
		{7F824751-866D-4D91-8038-81B8BC4F1EF1}.Release|Win32.ActiveCfg = Release|Any CPU
		{7F824751-866D-4D91-8038-81B8BC4F1EF1}.Release|Win32.Build.0 = Release|Any CPU
		{7F824751-866D-4D91-8038-81B8BC4F1EF1}.Release|x64.ActiveCfg = Release|Any CPU
		{7F824751-866D-4D91-8038-81B8BC4F1EF1}.Release|x64.Build.0 = Release|Any CPU
		{7F824751-866D-4D91-8038-81B8BC4F1EF1}.Release|x86.ActiveCfg = Release|Any CPU
		{7F824751-866D-4D91-8038-81B8BC4F1EF1}.Release|x86.Build.0 = Release|Any CPU
		{507E2605-0BD0-4A99-A733-0910C5098A2F}.Debug|Any CPU.ActiveCfg = Debug|Any CPU
		{507E2605-0BD0-4A99-A733-0910C5098A2F}.Debug|Any CPU.Build.0 = Debug|Any CPU
		{507E2605-0BD0-4A99-A733-0910C5098A2F}.Debug|ARM.ActiveCfg = Debug|Any CPU
		{507E2605-0BD0-4A99-A733-0910C5098A2F}.Debug|ARM.Build.0 = Debug|Any CPU
		{507E2605-0BD0-4A99-A733-0910C5098A2F}.Debug|Mixed Platforms.ActiveCfg = Debug|Any CPU
		{507E2605-0BD0-4A99-A733-0910C5098A2F}.Debug|Mixed Platforms.Build.0 = Debug|Any CPU
		{507E2605-0BD0-4A99-A733-0910C5098A2F}.Debug|Win32.ActiveCfg = Debug|Any CPU
		{507E2605-0BD0-4A99-A733-0910C5098A2F}.Debug|Win32.Build.0 = Debug|Any CPU
		{507E2605-0BD0-4A99-A733-0910C5098A2F}.Debug|x64.ActiveCfg = Debug|Any CPU
		{507E2605-0BD0-4A99-A733-0910C5098A2F}.Debug|x64.Build.0 = Debug|Any CPU
		{507E2605-0BD0-4A99-A733-0910C5098A2F}.Debug|x86.ActiveCfg = Debug|Any CPU
		{507E2605-0BD0-4A99-A733-0910C5098A2F}.Debug|x86.Build.0 = Debug|Any CPU
		{507E2605-0BD0-4A99-A733-0910C5098A2F}.Release|Any CPU.ActiveCfg = Release|Any CPU
		{507E2605-0BD0-4A99-A733-0910C5098A2F}.Release|Any CPU.Build.0 = Release|Any CPU
		{507E2605-0BD0-4A99-A733-0910C5098A2F}.Release|ARM.ActiveCfg = Release|Any CPU
		{507E2605-0BD0-4A99-A733-0910C5098A2F}.Release|ARM.Build.0 = Release|Any CPU
		{507E2605-0BD0-4A99-A733-0910C5098A2F}.Release|Mixed Platforms.ActiveCfg = Release|Any CPU
		{507E2605-0BD0-4A99-A733-0910C5098A2F}.Release|Mixed Platforms.Build.0 = Release|Any CPU
		{507E2605-0BD0-4A99-A733-0910C5098A2F}.Release|Win32.ActiveCfg = Release|Any CPU
		{507E2605-0BD0-4A99-A733-0910C5098A2F}.Release|Win32.Build.0 = Release|Any CPU
		{507E2605-0BD0-4A99-A733-0910C5098A2F}.Release|x64.ActiveCfg = Release|Any CPU
		{507E2605-0BD0-4A99-A733-0910C5098A2F}.Release|x64.Build.0 = Release|Any CPU
		{507E2605-0BD0-4A99-A733-0910C5098A2F}.Release|x86.ActiveCfg = Release|Any CPU
		{507E2605-0BD0-4A99-A733-0910C5098A2F}.Release|x86.Build.0 = Release|Any CPU
		{7128CE33-E398-461B-8910-604625872F4E}.Debug|Any CPU.ActiveCfg = Debug|Any CPU
		{7128CE33-E398-461B-8910-604625872F4E}.Debug|Any CPU.Build.0 = Debug|Any CPU
		{7128CE33-E398-461B-8910-604625872F4E}.Debug|ARM.ActiveCfg = Debug|Any CPU
		{7128CE33-E398-461B-8910-604625872F4E}.Debug|ARM.Build.0 = Debug|Any CPU
		{7128CE33-E398-461B-8910-604625872F4E}.Debug|Mixed Platforms.ActiveCfg = Debug|Any CPU
		{7128CE33-E398-461B-8910-604625872F4E}.Debug|Mixed Platforms.Build.0 = Debug|Any CPU
		{7128CE33-E398-461B-8910-604625872F4E}.Debug|Win32.ActiveCfg = Debug|Any CPU
		{7128CE33-E398-461B-8910-604625872F4E}.Debug|Win32.Build.0 = Debug|Any CPU
		{7128CE33-E398-461B-8910-604625872F4E}.Debug|x64.ActiveCfg = Debug|Any CPU
		{7128CE33-E398-461B-8910-604625872F4E}.Debug|x64.Build.0 = Debug|Any CPU
		{7128CE33-E398-461B-8910-604625872F4E}.Debug|x86.ActiveCfg = Debug|Any CPU
		{7128CE33-E398-461B-8910-604625872F4E}.Debug|x86.Build.0 = Debug|Any CPU
		{7128CE33-E398-461B-8910-604625872F4E}.Release|Any CPU.ActiveCfg = Release|Any CPU
		{7128CE33-E398-461B-8910-604625872F4E}.Release|Any CPU.Build.0 = Release|Any CPU
		{7128CE33-E398-461B-8910-604625872F4E}.Release|ARM.ActiveCfg = Release|Any CPU
		{7128CE33-E398-461B-8910-604625872F4E}.Release|ARM.Build.0 = Release|Any CPU
		{7128CE33-E398-461B-8910-604625872F4E}.Release|Mixed Platforms.ActiveCfg = Release|Any CPU
		{7128CE33-E398-461B-8910-604625872F4E}.Release|Mixed Platforms.Build.0 = Release|Any CPU
		{7128CE33-E398-461B-8910-604625872F4E}.Release|Win32.ActiveCfg = Release|Any CPU
		{7128CE33-E398-461B-8910-604625872F4E}.Release|Win32.Build.0 = Release|Any CPU
		{7128CE33-E398-461B-8910-604625872F4E}.Release|x64.ActiveCfg = Release|Any CPU
		{7128CE33-E398-461B-8910-604625872F4E}.Release|x64.Build.0 = Release|Any CPU
		{7128CE33-E398-461B-8910-604625872F4E}.Release|x86.ActiveCfg = Release|Any CPU
		{7128CE33-E398-461B-8910-604625872F4E}.Release|x86.Build.0 = Release|Any CPU
		{8508945A-7AB5-4054-A254-BB5FC1B7E82E}.Debug|Any CPU.ActiveCfg = Debug|Any CPU
		{8508945A-7AB5-4054-A254-BB5FC1B7E82E}.Debug|Any CPU.Build.0 = Debug|Any CPU
		{8508945A-7AB5-4054-A254-BB5FC1B7E82E}.Debug|ARM.ActiveCfg = Debug|Any CPU
		{8508945A-7AB5-4054-A254-BB5FC1B7E82E}.Debug|ARM.Build.0 = Debug|Any CPU
		{8508945A-7AB5-4054-A254-BB5FC1B7E82E}.Debug|Mixed Platforms.ActiveCfg = Debug|Any CPU
		{8508945A-7AB5-4054-A254-BB5FC1B7E82E}.Debug|Mixed Platforms.Build.0 = Debug|Any CPU
		{8508945A-7AB5-4054-A254-BB5FC1B7E82E}.Debug|Win32.ActiveCfg = Debug|Any CPU
		{8508945A-7AB5-4054-A254-BB5FC1B7E82E}.Debug|Win32.Build.0 = Debug|Any CPU
		{8508945A-7AB5-4054-A254-BB5FC1B7E82E}.Debug|x64.ActiveCfg = Debug|Any CPU
		{8508945A-7AB5-4054-A254-BB5FC1B7E82E}.Debug|x64.Build.0 = Debug|Any CPU
		{8508945A-7AB5-4054-A254-BB5FC1B7E82E}.Debug|x86.ActiveCfg = Debug|Any CPU
		{8508945A-7AB5-4054-A254-BB5FC1B7E82E}.Debug|x86.Build.0 = Debug|Any CPU
		{8508945A-7AB5-4054-A254-BB5FC1B7E82E}.Release|Any CPU.ActiveCfg = Release|Any CPU
		{8508945A-7AB5-4054-A254-BB5FC1B7E82E}.Release|Any CPU.Build.0 = Release|Any CPU
		{8508945A-7AB5-4054-A254-BB5FC1B7E82E}.Release|ARM.ActiveCfg = Release|Any CPU
		{8508945A-7AB5-4054-A254-BB5FC1B7E82E}.Release|ARM.Build.0 = Release|Any CPU
		{8508945A-7AB5-4054-A254-BB5FC1B7E82E}.Release|Mixed Platforms.ActiveCfg = Release|Any CPU
		{8508945A-7AB5-4054-A254-BB5FC1B7E82E}.Release|Mixed Platforms.Build.0 = Release|Any CPU
		{8508945A-7AB5-4054-A254-BB5FC1B7E82E}.Release|Win32.ActiveCfg = Release|Any CPU
		{8508945A-7AB5-4054-A254-BB5FC1B7E82E}.Release|Win32.Build.0 = Release|Any CPU
		{8508945A-7AB5-4054-A254-BB5FC1B7E82E}.Release|x64.ActiveCfg = Release|Any CPU
		{8508945A-7AB5-4054-A254-BB5FC1B7E82E}.Release|x64.Build.0 = Release|Any CPU
		{8508945A-7AB5-4054-A254-BB5FC1B7E82E}.Release|x86.ActiveCfg = Release|Any CPU
		{8508945A-7AB5-4054-A254-BB5FC1B7E82E}.Release|x86.Build.0 = Release|Any CPU
	EndGlobalSection
	GlobalSection(SolutionProperties) = preSolution
		HideSolutionNode = FALSE
	EndGlobalSection
	GlobalSection(NestedProjects) = preSolution
		{BE27C586-513D-4447-B8C0-1FCA270791DB} = {12021CAC-FF1E-4B69-BBA5-F60DC3DD762A}
		{A82F3186-47D2-4D69-8614-6D1313E66E77} = {12021CAC-FF1E-4B69-BBA5-F60DC3DD762A}
		{D7C4659D-4D23-4295-A35D-797355E8B79B} = {12021CAC-FF1E-4B69-BBA5-F60DC3DD762A}
		{F0CC68E7-C665-4D9F-A8BF-A6F29526307D} = {12021CAC-FF1E-4B69-BBA5-F60DC3DD762A}
		{90AEC3EC-C0CD-43D5-8CB0-F87243890511} = {12021CAC-FF1E-4B69-BBA5-F60DC3DD762A}
		{FEB6A66C-F665-46E0-AFEE-6B06FEF61274} = {857BA303-024D-4124-8165-27528FE87CFF}
		{68452B15-7D84-491E-9047-E5EB0C58A621} = {66FB5604-9C1E-4F68-971E-72774568301C}
		{7F824751-866D-4D91-8038-81B8BC4F1EF1} = {736DDF6C-2387-4841-B4B6-AAA47FFD7148}
		{507E2605-0BD0-4A99-A733-0910C5098A2F} = {736DDF6C-2387-4841-B4B6-AAA47FFD7148}
		{7128CE33-E398-461B-8910-604625872F4E} = {736DDF6C-2387-4841-B4B6-AAA47FFD7148}
		{8508945A-7AB5-4054-A254-BB5FC1B7E82E} = {857BA303-024D-4124-8165-27528FE87CFF}
	EndGlobalSection
EndGlobal
