
Microsoft Visual Studio Solution File, Format Version 12.00
# Visual Studio 2013
VisualStudioVersion = 12.0.31101.0
MinimumVisualStudioVersion = 10.0.40219.1
Project("{FAE04EC0-301F-11D3-BF4B-00C04F79EFBC}") = "gMobiLab", "Sensors\gMobiLab\gMobiLab.csproj", "{BE27C586-513D-4447-B8C0-1FCA270791DB}"
EndProject
Project("{FAE04EC0-301F-11D3-BF4B-00C04F79EFBC}") = "gMobiLab.Tests", "Sensors\gMobiLab.Tests\gMobiLab.Tests.csproj", "{8DDCA45B-5EB3-4BD5-BF1D-031C104155AB}"
EndProject
Project("{8BC9CEB8-8B4A-11D0-8D11-00A0C91BC942}") = "gMobiLabXferHelpers", "Sensors\gMobiLabXferHelpers\gMobiLabXferHelpers.vcxproj", "{A82F3186-47D2-4D69-8614-6D1313E66E77}"
EndProject
Project("{FAE04EC0-301F-11D3-BF4B-00C04F79EFBC}") = "SensorPlots", "Sensors\SensorPlots\SensorPlots.csproj", "{D7C4659D-4D23-4295-A35D-797355E8B79B}"
EndProject
Project("{2150E333-8FDC-42A3-9474-1A3956D46DE8}") = "Sensors", "Sensors", "{12021CAC-FF1E-4B69-BBA5-F60DC3DD762A}"
EndProject
Project("{FAE04EC0-301F-11D3-BF4B-00C04F79EFBC}") = "SensorDeviceTest", "Sensors\SensorDeviceTest\SensorDeviceTest.csproj", "{F0CC68E7-C665-4D9F-A8BF-A6F29526307D}"
EndProject
Project("{FAE04EC0-301F-11D3-BF4B-00C04F79EFBC}") = "Sensors", "Sensors\Sensors\Sensors.csproj", "{90AEC3EC-C0CD-43D5-8CB0-F87243890511}"
EndProject
Global
	GlobalSection(SolutionConfigurationPlatforms) = preSolution
		Debug|Any CPU = Debug|Any CPU
		Debug|Mixed Platforms = Debug|Mixed Platforms
		Debug|Win32 = Debug|Win32
		Release|Any CPU = Release|Any CPU
		Release|Mixed Platforms = Release|Mixed Platforms
		Release|Win32 = Release|Win32
	EndGlobalSection
	GlobalSection(ProjectConfigurationPlatforms) = postSolution
		{BE27C586-513D-4447-B8C0-1FCA270791DB}.Debug|Any CPU.ActiveCfg = Debug|Any CPU
		{BE27C586-513D-4447-B8C0-1FCA270791DB}.Debug|Any CPU.Build.0 = Debug|Any CPU
		{BE27C586-513D-4447-B8C0-1FCA270791DB}.Debug|Mixed Platforms.ActiveCfg = Debug|Any CPU
		{BE27C586-513D-4447-B8C0-1FCA270791DB}.Debug|Mixed Platforms.Build.0 = Debug|Any CPU
		{BE27C586-513D-4447-B8C0-1FCA270791DB}.Debug|Win32.ActiveCfg = Debug|Any CPU
		{BE27C586-513D-4447-B8C0-1FCA270791DB}.Release|Any CPU.ActiveCfg = Release|Any CPU
		{BE27C586-513D-4447-B8C0-1FCA270791DB}.Release|Any CPU.Build.0 = Release|Any CPU
		{BE27C586-513D-4447-B8C0-1FCA270791DB}.Release|Mixed Platforms.ActiveCfg = Release|Any CPU
		{BE27C586-513D-4447-B8C0-1FCA270791DB}.Release|Mixed Platforms.Build.0 = Release|Any CPU
		{BE27C586-513D-4447-B8C0-1FCA270791DB}.Release|Win32.ActiveCfg = Release|Any CPU
		{8DDCA45B-5EB3-4BD5-BF1D-031C104155AB}.Debug|Any CPU.ActiveCfg = Debug|Any CPU
		{8DDCA45B-5EB3-4BD5-BF1D-031C104155AB}.Debug|Any CPU.Build.0 = Debug|Any CPU
		{8DDCA45B-5EB3-4BD5-BF1D-031C104155AB}.Debug|Mixed Platforms.ActiveCfg = Debug|Any CPU
		{8DDCA45B-5EB3-4BD5-BF1D-031C104155AB}.Debug|Mixed Platforms.Build.0 = Debug|Any CPU
		{8DDCA45B-5EB3-4BD5-BF1D-031C104155AB}.Debug|Win32.ActiveCfg = Debug|Any CPU
		{8DDCA45B-5EB3-4BD5-BF1D-031C104155AB}.Release|Any CPU.ActiveCfg = Release|Any CPU
		{8DDCA45B-5EB3-4BD5-BF1D-031C104155AB}.Release|Any CPU.Build.0 = Release|Any CPU
		{8DDCA45B-5EB3-4BD5-BF1D-031C104155AB}.Release|Mixed Platforms.ActiveCfg = Release|Any CPU
		{8DDCA45B-5EB3-4BD5-BF1D-031C104155AB}.Release|Mixed Platforms.Build.0 = Release|Any CPU
		{8DDCA45B-5EB3-4BD5-BF1D-031C104155AB}.Release|Win32.ActiveCfg = Release|Any CPU
		{A82F3186-47D2-4D69-8614-6D1313E66E77}.Debug|Any CPU.ActiveCfg = Debug|Win32
		{A82F3186-47D2-4D69-8614-6D1313E66E77}.Debug|Mixed Platforms.ActiveCfg = Debug|Win32
		{A82F3186-47D2-4D69-8614-6D1313E66E77}.Debug|Mixed Platforms.Build.0 = Debug|Win32
		{A82F3186-47D2-4D69-8614-6D1313E66E77}.Debug|Win32.ActiveCfg = Debug|Win32
		{A82F3186-47D2-4D69-8614-6D1313E66E77}.Debug|Win32.Build.0 = Debug|Win32
		{A82F3186-47D2-4D69-8614-6D1313E66E77}.Release|Any CPU.ActiveCfg = Release|Win32
		{A82F3186-47D2-4D69-8614-6D1313E66E77}.Release|Mixed Platforms.ActiveCfg = Release|Win32
		{A82F3186-47D2-4D69-8614-6D1313E66E77}.Release|Mixed Platforms.Build.0 = Release|Win32
		{A82F3186-47D2-4D69-8614-6D1313E66E77}.Release|Win32.ActiveCfg = Release|Win32
		{A82F3186-47D2-4D69-8614-6D1313E66E77}.Release|Win32.Build.0 = Release|Win32
		{D7C4659D-4D23-4295-A35D-797355E8B79B}.Debug|Any CPU.ActiveCfg = Debug|Any CPU
		{D7C4659D-4D23-4295-A35D-797355E8B79B}.Debug|Any CPU.Build.0 = Debug|Any CPU
		{D7C4659D-4D23-4295-A35D-797355E8B79B}.Debug|Mixed Platforms.ActiveCfg = Debug|Any CPU
		{D7C4659D-4D23-4295-A35D-797355E8B79B}.Debug|Mixed Platforms.Build.0 = Debug|Any CPU
		{D7C4659D-4D23-4295-A35D-797355E8B79B}.Debug|Win32.ActiveCfg = Debug|Any CPU
		{D7C4659D-4D23-4295-A35D-797355E8B79B}.Release|Any CPU.ActiveCfg = Release|Any CPU
		{D7C4659D-4D23-4295-A35D-797355E8B79B}.Release|Any CPU.Build.0 = Release|Any CPU
		{D7C4659D-4D23-4295-A35D-797355E8B79B}.Release|Mixed Platforms.ActiveCfg = Release|Any CPU
		{D7C4659D-4D23-4295-A35D-797355E8B79B}.Release|Mixed Platforms.Build.0 = Release|Any CPU
		{D7C4659D-4D23-4295-A35D-797355E8B79B}.Release|Win32.ActiveCfg = Release|Any CPU
		{F0CC68E7-C665-4D9F-A8BF-A6F29526307D}.Debug|Any CPU.ActiveCfg = Debug|Any CPU
		{F0CC68E7-C665-4D9F-A8BF-A6F29526307D}.Debug|Any CPU.Build.0 = Debug|Any CPU
		{F0CC68E7-C665-4D9F-A8BF-A6F29526307D}.Debug|Mixed Platforms.ActiveCfg = Debug|Any CPU
		{F0CC68E7-C665-4D9F-A8BF-A6F29526307D}.Debug|Mixed Platforms.Build.0 = Debug|Any CPU
		{F0CC68E7-C665-4D9F-A8BF-A6F29526307D}.Debug|Win32.ActiveCfg = Debug|Any CPU
		{F0CC68E7-C665-4D9F-A8BF-A6F29526307D}.Release|Any CPU.ActiveCfg = Release|Any CPU
		{F0CC68E7-C665-4D9F-A8BF-A6F29526307D}.Release|Any CPU.Build.0 = Release|Any CPU
		{F0CC68E7-C665-4D9F-A8BF-A6F29526307D}.Release|Mixed Platforms.ActiveCfg = Release|Any CPU
		{F0CC68E7-C665-4D9F-A8BF-A6F29526307D}.Release|Mixed Platforms.Build.0 = Release|Any CPU
		{F0CC68E7-C665-4D9F-A8BF-A6F29526307D}.Release|Win32.ActiveCfg = Release|Any CPU
		{90AEC3EC-C0CD-43D5-8CB0-F87243890511}.Debug|Any CPU.ActiveCfg = Debug|Any CPU
		{90AEC3EC-C0CD-43D5-8CB0-F87243890511}.Debug|Any CPU.Build.0 = Debug|Any CPU
		{90AEC3EC-C0CD-43D5-8CB0-F87243890511}.Debug|Mixed Platforms.ActiveCfg = Debug|Any CPU
		{90AEC3EC-C0CD-43D5-8CB0-F87243890511}.Debug|Mixed Platforms.Build.0 = Debug|Any CPU
		{90AEC3EC-C0CD-43D5-8CB0-F87243890511}.Debug|Win32.ActiveCfg = Debug|Any CPU
		{90AEC3EC-C0CD-43D5-8CB0-F87243890511}.Release|Any CPU.ActiveCfg = Release|Any CPU
		{90AEC3EC-C0CD-43D5-8CB0-F87243890511}.Release|Any CPU.Build.0 = Release|Any CPU
		{90AEC3EC-C0CD-43D5-8CB0-F87243890511}.Release|Mixed Platforms.ActiveCfg = Release|Any CPU
		{90AEC3EC-C0CD-43D5-8CB0-F87243890511}.Release|Mixed Platforms.Build.0 = Release|Any CPU
		{90AEC3EC-C0CD-43D5-8CB0-F87243890511}.Release|Win32.ActiveCfg = Release|Any CPU
	EndGlobalSection
	GlobalSection(SolutionProperties) = preSolution
		HideSolutionNode = FALSE
	EndGlobalSection
	GlobalSection(NestedProjects) = preSolution
		{BE27C586-513D-4447-B8C0-1FCA270791DB} = {12021CAC-FF1E-4B69-BBA5-F60DC3DD762A}
		{8DDCA45B-5EB3-4BD5-BF1D-031C104155AB} = {12021CAC-FF1E-4B69-BBA5-F60DC3DD762A}
		{A82F3186-47D2-4D69-8614-6D1313E66E77} = {12021CAC-FF1E-4B69-BBA5-F60DC3DD762A}
		{D7C4659D-4D23-4295-A35D-797355E8B79B} = {12021CAC-FF1E-4B69-BBA5-F60DC3DD762A}
		{F0CC68E7-C665-4D9F-A8BF-A6F29526307D} = {12021CAC-FF1E-4B69-BBA5-F60DC3DD762A}
		{90AEC3EC-C0CD-43D5-8CB0-F87243890511} = {12021CAC-FF1E-4B69-BBA5-F60DC3DD762A}
	EndGlobalSection
EndGlobal
